
Microsoft Visual Studio Solution File, Format Version 12.00
# Visual Studio 14
VisualStudioVersion = 14.0.24720.0
MinimumVisualStudioVersion = 10.0.40219.1
Project("{FAE04EC0-301F-11D3-BF4B-00C04F79EFBC}") = "ConsoleApplication1", "ConsoleApplication1\ConsoleApplication1.csproj", "{209E6945-0863-4099-9B84-C3F2B374ABDE}"
EndProject
Global
	GlobalSection(SolutionConfigurationPlatforms) = preSolution
		Debug|Any CPU = Debug|Any CPU
		Release|Any CPU = Release|Any CPU
	EndGlobalSection
	GlobalSection(ProjectConfigurationPlatforms) = postSolution
		{209E6945-0863-4099-9B84-C3F2B374ABDE}.Debug|Any CPU.ActiveCfg = Debug|Any CPU
		{209E6945-0863-4099-9B84-C3F2B374ABDE}.Debug|Any CPU.Build.0 = Debug|Any CPU
		{209E6945-0863-4099-9B84-C3F2B374ABDE}.Release|Any CPU.ActiveCfg = Release|Any CPU
		{209E6945-0863-4099-9B84-C3F2B374ABDE}.Release|Any CPU.Build.0 = Release|Any CPU
	EndGlobalSection
	GlobalSection(SolutionProperties) = preSolution
		HideSolutionNode = FALSE
	EndGlobalSection
EndGlobal
